
Microsoft Visual Studio Solution File, Format Version 12.00
# Visual Studio Version 17
VisualStudioVersion = 17.12.35707.178
MinimumVisualStudioVersion = 10.0.40219.1
Project("{FAE04EC0-301F-11D3-BF4B-00C04F79EFBC}") = "API Project", "API Project\API Project.csproj", "{AA113E14-961E-4D9E-9E29-4D3259EE83E5}"
EndProject
Project("{FAE04EC0-301F-11D3-BF4B-00C04F79EFBC}") = "Bug Ticketing.BL", "Bug Ticketing.BL\Bug Ticketing.BL.csproj", "{3283861D-7680-48FD-89D5-33D131F0DC0A}"
EndProject
Project("{FAE04EC0-301F-11D3-BF4B-00C04F79EFBC}") = "Bug Ticketing.DAL", "Bug Ticketing.DAL\Bug Ticketing.DAL.csproj", "{109B2B0B-C704-4ABC-9031-5146EB697446}"
EndProject
Global
	GlobalSection(SolutionConfigurationPlatforms) = preSolution
		Debug|Any CPU = Debug|Any CPU
		Release|Any CPU = Release|Any CPU
	EndGlobalSection
	GlobalSection(ProjectConfigurationPlatforms) = postSolution
		{AA113E14-961E-4D9E-9E29-4D3259EE83E5}.Debug|Any CPU.ActiveCfg = Debug|Any CPU
		{AA113E14-961E-4D9E-9E29-4D3259EE83E5}.Debug|Any CPU.Build.0 = Debug|Any CPU
		{AA113E14-961E-4D9E-9E29-4D3259EE83E5}.Release|Any CPU.ActiveCfg = Release|Any CPU
		{AA113E14-961E-4D9E-9E29-4D3259EE83E5}.Release|Any CPU.Build.0 = Release|Any CPU
		{3283861D-7680-48FD-89D5-33D131F0DC0A}.Debug|Any CPU.ActiveCfg = Debug|Any CPU
		{3283861D-7680-48FD-89D5-33D131F0DC0A}.Debug|Any CPU.Build.0 = Debug|Any CPU
		{3283861D-7680-48FD-89D5-33D131F0DC0A}.Release|Any CPU.ActiveCfg = Release|Any CPU
		{3283861D-7680-48FD-89D5-33D131F0DC0A}.Release|Any CPU.Build.0 = Release|Any CPU
		{109B2B0B-C704-4ABC-9031-5146EB697446}.Debug|Any CPU.ActiveCfg = Debug|Any CPU
		{109B2B0B-C704-4ABC-9031-5146EB697446}.Debug|Any CPU.Build.0 = Debug|Any CPU
		{109B2B0B-C704-4ABC-9031-5146EB697446}.Release|Any CPU.ActiveCfg = Release|Any CPU
		{109B2B0B-C704-4ABC-9031-5146EB697446}.Release|Any CPU.Build.0 = Release|Any CPU
	EndGlobalSection
	GlobalSection(SolutionProperties) = preSolution
		HideSolutionNode = FALSE
	EndGlobalSection
EndGlobal
